
Microsoft Visual Studio Solution File, Format Version 11.00
# Visual Studio 2010
# SharpDevelop 4.4
Project("{FAE04EC0-301F-11D3-BF4B-00C04F79EFBC}") = "ProyectoPE", "ProyectoPE\ProyectoPE.csproj", "{71C535B4-485A-42D4-9923-B6002E1EBB59}"
EndProject
Global
	GlobalSection(SolutionConfigurationPlatforms) = preSolution
		Debug|Any CPU = Debug|Any CPU
		Release|Any CPU = Release|Any CPU
	EndGlobalSection
	GlobalSection(ProjectConfigurationPlatforms) = postSolution
		{71C535B4-485A-42D4-9923-B6002E1EBB59}.Debug|Any CPU.Build.0 = Debug|Any CPU
		{71C535B4-485A-42D4-9923-B6002E1EBB59}.Debug|Any CPU.ActiveCfg = Debug|Any CPU
		{71C535B4-485A-42D4-9923-B6002E1EBB59}.Release|Any CPU.Build.0 = Release|Any CPU
		{71C535B4-485A-42D4-9923-B6002E1EBB59}.Release|Any CPU.ActiveCfg = Release|Any CPU
	EndGlobalSection
EndGlobal
